
Microsoft Visual Studio Solution File, Format Version 12.00
Project("{FAE04EC0-301F-11D3-BF4B-00C04F79EFBC}") = "Assignment4_part_1", "Assignment4_part_1\Assignment4_part_1.csproj", "{70C1FFCD-92AD-4ED0-B792-6DFE2CA1DE46}"
EndProject
Project("{FAE04EC0-301F-11D3-BF4B-00C04F79EFBC}") = "Assignment4Test", "Assignment4Test\Assignment4Test.csproj", "{29625864-CFA8-41FC-B9FF-A8AA635470BE}"
EndProject
Global
	GlobalSection(SolutionConfigurationPlatforms) = preSolution
		Debug|Any CPU = Debug|Any CPU
		Debug|x64 = Debug|x64
		Debug|x86 = Debug|x86
		Release|Any CPU = Release|Any CPU
		Release|x64 = Release|x64
		Release|x86 = Release|x86
	EndGlobalSection
	GlobalSection(ProjectConfigurationPlatforms) = postSolution
		{70C1FFCD-92AD-4ED0-B792-6DFE2CA1DE46}.Debug|Any CPU.ActiveCfg = Debug|Any CPU
		{70C1FFCD-92AD-4ED0-B792-6DFE2CA1DE46}.Debug|Any CPU.Build.0 = Debug|Any CPU
		{70C1FFCD-92AD-4ED0-B792-6DFE2CA1DE46}.Debug|x64.ActiveCfg = Debug|Any CPU
		{70C1FFCD-92AD-4ED0-B792-6DFE2CA1DE46}.Debug|x64.Build.0 = Debug|Any CPU
		{70C1FFCD-92AD-4ED0-B792-6DFE2CA1DE46}.Debug|x86.ActiveCfg = Debug|Any CPU
		{70C1FFCD-92AD-4ED0-B792-6DFE2CA1DE46}.Debug|x86.Build.0 = Debug|Any CPU
		{70C1FFCD-92AD-4ED0-B792-6DFE2CA1DE46}.Release|Any CPU.ActiveCfg = Release|Any CPU
		{70C1FFCD-92AD-4ED0-B792-6DFE2CA1DE46}.Release|Any CPU.Build.0 = Release|Any CPU
		{70C1FFCD-92AD-4ED0-B792-6DFE2CA1DE46}.Release|x64.ActiveCfg = Release|Any CPU
		{70C1FFCD-92AD-4ED0-B792-6DFE2CA1DE46}.Release|x64.Build.0 = Release|Any CPU
		{70C1FFCD-92AD-4ED0-B792-6DFE2CA1DE46}.Release|x86.ActiveCfg = Release|Any CPU
		{70C1FFCD-92AD-4ED0-B792-6DFE2CA1DE46}.Release|x86.Build.0 = Release|Any CPU
		{29625864-CFA8-41FC-B9FF-A8AA635470BE}.Debug|Any CPU.ActiveCfg = Debug|Any CPU
		{29625864-CFA8-41FC-B9FF-A8AA635470BE}.Debug|Any CPU.Build.0 = Debug|Any CPU
		{29625864-CFA8-41FC-B9FF-A8AA635470BE}.Debug|x64.ActiveCfg = Debug|Any CPU
		{29625864-CFA8-41FC-B9FF-A8AA635470BE}.Debug|x64.Build.0 = Debug|Any CPU
		{29625864-CFA8-41FC-B9FF-A8AA635470BE}.Debug|x86.ActiveCfg = Debug|Any CPU
		{29625864-CFA8-41FC-B9FF-A8AA635470BE}.Debug|x86.Build.0 = Debug|Any CPU
		{29625864-CFA8-41FC-B9FF-A8AA635470BE}.Release|Any CPU.ActiveCfg = Release|Any CPU
		{29625864-CFA8-41FC-B9FF-A8AA635470BE}.Release|Any CPU.Build.0 = Release|Any CPU
		{29625864-CFA8-41FC-B9FF-A8AA635470BE}.Release|x64.ActiveCfg = Release|Any CPU
		{29625864-CFA8-41FC-B9FF-A8AA635470BE}.Release|x64.Build.0 = Release|Any CPU
		{29625864-CFA8-41FC-B9FF-A8AA635470BE}.Release|x86.ActiveCfg = Release|Any CPU
		{29625864-CFA8-41FC-B9FF-A8AA635470BE}.Release|x86.Build.0 = Release|Any CPU
	EndGlobalSection
	GlobalSection(SolutionProperties) = preSolution
		HideSolutionNode = FALSE
	EndGlobalSection
EndGlobal
